{
  "name": "nhsuk-frontend-jinja",
  "version": "0.0.1",
  "lockfileVersion": 3,
  "requires": true,
  "packages": {
    "": {
      "name": "nhsuk-frontend-jinja",
      "license": "MIT",
      "devDependencies": {
        "nhsuk-frontend": "^10.3.0"
      },
      "engines": {
        "node": "^24.11.0",
        "npm": "^11.6.1"
      }
    },
    "node_modules/nhsuk-frontend": {
      "version": "10.3.0",
      "resolved": "https://registry.npmjs.org/nhsuk-frontend/-/nhsuk-frontend-10.3.0.tgz",
      "integrity": "sha512-LPObcaPFZDcNNhi/gaK4MDtXppaDR/vwi3YhqzN7v+H15IZqjzZuA4nbh9CTiUlIggVT/OEKeUT5E/sGnGH/jw==",
      "dev": true,
      "license": "MIT",
      "engines": {
        "node": "^20.9.0 || ^22.11.0 || ^24.11.0"
      }
    }
  }
}
