{
  "name": "nhsuk-frontend-jinja",
  "version": "0.0.1",
  "lockfileVersion": 3,
  "requires": true,
  "packages": {
    "": {
      "name": "nhsuk-frontend-jinja",
      "license": "MIT",
      "devDependencies": {
        "nhsuk-frontend": "^10.4.1"
      },
      "engines": {
        "node": "^24.11.0",
        "npm": "^11.6.1"
      }
    },
    "node_modules/nhsuk-frontend": {
      "version": "10.4.1",
      "resolved": "https://registry.npmjs.org/nhsuk-frontend/-/nhsuk-frontend-10.4.1.tgz",
      "integrity": "sha512-kgqfkrQpkuWmxeE9QA9gP7pvZlqm5s4JOEN6N3v+ydDHHbNe2KVCjOEC2SBPmZjUVarSUCjBsebs4shucqb0tw==",
      "dev": true,
      "license": "MIT",
      "engines": {
        "node": "^20.9.0 || ^22.11.0 || >= 24.11.0"
      },
      "peerDependencies": {
        "@prettier/sync": "^0.6.0",
        "highlight.js": "^11.0.0",
        "nunjucks": "^3.0.0",
        "outdent": "^0.8.0",
        "slug": "^9.0.0 || ^11.0.0"
      },
      "peerDependenciesMeta": {
        "@prettier/sync": {
          "optional": true
        },
        "highlight.js": {
          "optional": true
        },
        "nunjucks": {
          "optional": true
        },
        "outdent": {
          "optional": true
        },
        "slug": {
          "optional": true
        }
      }
    }
  }
}
