{
  "name": "nhsuk-frontend-jinja",
  "version": "0.0.1",
  "lockfileVersion": 3,
  "requires": true,
  "packages": {
    "": {
      "name": "nhsuk-frontend-jinja",
      "license": "MIT",
      "devDependencies": {
        "nhsuk-frontend": "^10.1.0"
      },
      "engines": {
        "node": ">=20.0.0"
      }
    },
    "node_modules/nhsuk-frontend": {
      "version": "10.1.0",
      "resolved": "https://registry.npmjs.org/nhsuk-frontend/-/nhsuk-frontend-10.1.0.tgz",
      "integrity": "sha512-GEetSeLdFyWRUNfWsMyeO+PwqG6upbLa6C8TK5YZg7ljMqTVwKX7WljerZsHwlbRL1izqbnQ2Zl1SO2rsfbSHg==",
      "dev": true,
      "license": "MIT",
      "engines": {
        "node": "^20.9.0 || ^22.11.0"
      }
    }
  }
}
